
Microsoft Visual Studio Solution File, Format Version 12.00
# Visual Studio Version 17
VisualStudioVersion = 17.14.36623.8 d17.14
MinimumVisualStudioVersion = 10.0.40219.1
Project("{FAE04EC0-301F-11D3-BF4B-00C04F79EFBC}") = "elasticsearch-kibana-microservice", "elasticsearch-kibana-microservice\elasticsearch-kibana-microservice.csproj", "{78E4A85F-FF66-4AB4-B3E8-4C039798C3FE}"
EndProject
Global
	GlobalSection(SolutionConfigurationPlatforms) = preSolution
		Debug|Any CPU = Debug|Any CPU
		Release|Any CPU = Release|Any CPU
	EndGlobalSection
	GlobalSection(ProjectConfigurationPlatforms) = postSolution
		{78E4A85F-FF66-4AB4-B3E8-4C039798C3FE}.Debug|Any CPU.ActiveCfg = Debug|Any CPU
		{78E4A85F-FF66-4AB4-B3E8-4C039798C3FE}.Debug|Any CPU.Build.0 = Debug|Any CPU
		{78E4A85F-FF66-4AB4-B3E8-4C039798C3FE}.Release|Any CPU.ActiveCfg = Release|Any CPU
		{78E4A85F-FF66-4AB4-B3E8-4C039798C3FE}.Release|Any CPU.Build.0 = Release|Any CPU
	EndGlobalSection
	GlobalSection(SolutionProperties) = preSolution
		HideSolutionNode = FALSE
	EndGlobalSection
	GlobalSection(ExtensibilityGlobals) = postSolution
		SolutionGuid = {D2847294-1231-40A7-86A0-E0ADD34C796E}
	EndGlobalSection
EndGlobal
